
Microsoft Visual Studio Solution File, Format Version 12.00
# Visual Studio 15
VisualStudioVersion = 15.0.27703.2026
MinimumVisualStudioVersion = 10.0.40219.1
Project("{8BC9CEB8-8B4A-11D0-8D11-00A0C91BC942}") = "replication", "replication.vcxproj", "{BFD0B4BD-A857-41F4-BEE3-9835D83F1FDB}"
EndProject
Global
	GlobalSection(SolutionConfigurationPlatforms) = preSolution
		Debug|x64 = Debug|x64
		Debug|x86 = Debug|x86
		Release|x64 = Release|x64
		Release|x86 = Release|x86
	EndGlobalSection
	GlobalSection(ProjectConfigurationPlatforms) = postSolution
		{BFD0B4BD-A857-41F4-BEE3-9835D83F1FDB}.Debug|x64.ActiveCfg = Debug|x64
		{BFD0B4BD-A857-41F4-BEE3-9835D83F1FDB}.Debug|x64.Build.0 = Debug|x64
		{BFD0B4BD-A857-41F4-BEE3-9835D83F1FDB}.Debug|x86.ActiveCfg = Debug|Win32
		{BFD0B4BD-A857-41F4-BEE3-9835D83F1FDB}.Debug|x86.Build.0 = Debug|Win32
		{BFD0B4BD-A857-41F4-BEE3-9835D83F1FDB}.Release|x64.ActiveCfg = Release|x64
		{BFD0B4BD-A857-41F4-BEE3-9835D83F1FDB}.Release|x64.Build.0 = Release|x64
		{BFD0B4BD-A857-41F4-BEE3-9835D83F1FDB}.Release|x86.ActiveCfg = Release|Win32
		{BFD0B4BD-A857-41F4-BEE3-9835D83F1FDB}.Release|x86.Build.0 = Release|Win32
		{76504311-DD88-4F8D-88DA-6B8ABC59EA82}.Debug|x64.ActiveCfg = Debug|x64
		{76504311-DD88-4F8D-88DA-6B8ABC59EA82}.Debug|x64.Build.0 = Debug|x64
		{76504311-DD88-4F8D-88DA-6B8ABC59EA82}.Debug|x86.ActiveCfg = Debug|Win32
		{76504311-DD88-4F8D-88DA-6B8ABC59EA82}.Debug|x86.Build.0 = Debug|Win32
		{76504311-DD88-4F8D-88DA-6B8ABC59EA82}.Release|x64.ActiveCfg = Release|x64
		{76504311-DD88-4F8D-88DA-6B8ABC59EA82}.Release|x64.Build.0 = Release|x64
		{76504311-DD88-4F8D-88DA-6B8ABC59EA82}.Release|x86.ActiveCfg = Release|Win32
		{76504311-DD88-4F8D-88DA-6B8ABC59EA82}.Release|x86.Build.0 = Release|Win32
	EndGlobalSection
	GlobalSection(SolutionProperties) = preSolution
		HideSolutionNode = FALSE
	EndGlobalSection
	GlobalSection(ExtensibilityGlobals) = postSolution
		SolutionGuid = {7076D238-B4F9-4585-9329-1EB02EC0F181}
	EndGlobalSection
EndGlobal
