<?xml version="1.0" encoding="utf-8"?>
<Project ToolsVersion="4.0" xmlns="http://schemas.microsoft.com/developer/msbuild/2003">
  <ItemGroup>
    <Filter Include="source">
      <UniqueIdentifier>{b95a023f-385a-4cb5-bbf8-371e8b62102b}</UniqueIdentifier>
    </Filter>
    <Filter Include="source\zen">
      <UniqueIdentifier>{2b7709d4-6d16-486d-9b15-0e8c6ec701c8}</UniqueIdentifier>
    </Filter>
    <Filter Include="source\zen\data">
      <UniqueIdentifier>{cd512231-87d4-4818-8660-5d5f17ebd3be}</UniqueIdentifier>
    </Filter>
    <Filter Include="source\zen\core">
      <UniqueIdentifier>{cdbaae74-045e-4403-8f16-090a815355c2}</UniqueIdentifier>
    </Filter>
    <Filter Include="source\zen\bitstream">
      <UniqueIdentifier>{85144d80-297c-4412-9cae-ea775d993cdd}</UniqueIdentifier>
    </Filter>
    <Filter Include="source\zen\debug">
      <UniqueIdentifier>{12d8c4e1-a8f8-4e39-9508-8252cae29385}</UniqueIdentifier>
    </Filter>
    <Filter Include="source\zen\serializer">
      <UniqueIdentifier>{2ed8d80e-bf7f-472f-a1a8-a69cb9cc58bd}</UniqueIdentifier>
    </Filter>
    <Filter Include="source\test">
      <UniqueIdentifier>{4b03e4e2-bf99-4855-a3ea-457a730d0e60}</UniqueIdentifier>
    </Filter>
  </ItemGroup>
  <ItemGroup>
    <ClCompile Include="source\functional_tests_main.cpp">
      <Filter>source</Filter>
    </ClCompile>
    <ClCompile Include="source\zen\bitstream\zen_bitstream_reader.cpp">
      <Filter>source\zen\bitstream</Filter>
    </ClCompile>
    <ClCompile Include="source\zen\bitstream\zen_bitstream_utils.cpp">
      <Filter>source\zen\bitstream</Filter>
    </ClCompile>
    <ClCompile Include="source\zen\bitstream\zen_bitstream_writer.cpp">
      <Filter>source\zen\bitstream</Filter>
    </ClCompile>
    <ClCompile Include="source\zen\debug\zen_debug.cpp">
      <Filter>source\zen\debug</Filter>
    </ClCompile>
    <ClCompile Include="source\zen\debug\zen_debug_output.cpp">
      <Filter>source\zen\debug</Filter>
    </ClCompile>
    <ClCompile Include="source\zen\debug\zen_debug_random.cpp">
      <Filter>source\zen\debug</Filter>
    </ClCompile>
    <ClCompile Include="source\zen\data\zen_data_factory.cpp">
      <Filter>source\zen\data</Filter>
    </ClCompile>
    <ClCompile Include="source\zen\data\zen_data_mutable.cpp">
      <Filter>source\zen\data</Filter>
    </ClCompile>
    <ClCompile Include="source\test\test_bitstream.cpp">
      <Filter>source\test</Filter>
    </ClCompile>
    <ClCompile Include="source\test\test_base.cpp">
      <Filter>source\test</Filter>
    </ClCompile>
    <ClCompile Include="source\test\test_vector.cpp">
      <Filter>source\test</Filter>
    </ClCompile>
  </ItemGroup>
  <ItemGroup>
    <ClInclude Include="source\zen\core\zen_core_ostream.h">
      <Filter>source\zen\core</Filter>
    </ClInclude>
    <ClInclude Include="source\zen\core\zen_core_vector.h">
      <Filter>source\zen\core</Filter>
    </ClInclude>
    <ClInclude Include="source\zen\core\zen_core_vector.hpp">
      <Filter>source\zen\core</Filter>
    </ClInclude>
    <ClInclude Include="source\zen\bitstream\zen_bitstream_reader.h">
      <Filter>source\zen\bitstream</Filter>
    </ClInclude>
    <ClInclude Include="source\zen\bitstream\zen_bitstream_utils.h">
      <Filter>source\zen\bitstream</Filter>
    </ClInclude>
    <ClInclude Include="source\zen\bitstream\zen_bitstream_writer.h">
      <Filter>source\zen\bitstream</Filter>
    </ClInclude>
    <ClInclude Include="source\zen\debug\zen_debug.h">
      <Filter>source\zen\debug</Filter>
    </ClInclude>
    <ClInclude Include="source\zen\debug\zen_debug_assert.h">
      <Filter>source\zen\debug</Filter>
    </ClInclude>
    <ClInclude Include="source\zen\debug\zen_debug_output.h">
      <Filter>source\zen\debug</Filter>
    </ClInclude>
    <ClInclude Include="source\zen\debug\zen_debug_random.h">
      <Filter>source\zen\debug</Filter>
    </ClInclude>
    <ClInclude Include="source\zen\core\zen_core_endian.h">
      <Filter>source\zen\core</Filter>
    </ClInclude>
    <ClInclude Include="source\zen\data\zen_data_boolean.h">
      <Filter>source\zen\data</Filter>
    </ClInclude>
    <ClInclude Include="source\zen\data\zen_data_boolean.hpp">
      <Filter>source\zen\data</Filter>
    </ClInclude>
    <ClInclude Include="source\zen\data\zen_data_float_ranged.h">
      <Filter>source\zen\data</Filter>
    </ClInclude>
    <ClInclude Include="source\zen\data\zen_data_float_ranged.hpp">
      <Filter>source\zen\data</Filter>
    </ClInclude>
    <ClInclude Include="source\zen\data\zen_data_integer_ranged.h">
      <Filter>source\zen\data</Filter>
    </ClInclude>
    <ClInclude Include="source\zen\data\zen_data_integer_ranged.hpp">
      <Filter>source\zen\data</Filter>
    </ClInclude>
    <ClInclude Include="source\zen\data\zen_data_string.h">
      <Filter>source\zen\data</Filter>
    </ClInclude>
    <ClInclude Include="source\zen\data\zen_data_string.hpp">
      <Filter>source\zen\data</Filter>
    </ClInclude>
    <ClInclude Include="source\zen\data\zen_data_vector.h">
      <Filter>source\zen\data</Filter>
    </ClInclude>
    <ClInclude Include="source\zen\data\zen_data_vector.hpp">
      <Filter>source\zen\data</Filter>
    </ClInclude>
    <ClInclude Include="source\zen\data\zen_data_raw.h">
      <Filter>source\zen\data</Filter>
    </ClInclude>
    <ClInclude Include="source\zen\data\zen_data_raw.hpp">
      <Filter>source\zen\data</Filter>
    </ClInclude>
    <ClInclude Include="source\zen\serializer\zen_serializer_float_ranged.h">
      <Filter>source\zen\serializer</Filter>
    </ClInclude>
    <ClInclude Include="source\zen\serializer\zen_serializer_float_ranged.hpp">
      <Filter>source\zen\serializer</Filter>
    </ClInclude>
    <ClInclude Include="source\zen\serializer\zen_serializer_integer_ranged.h">
      <Filter>source\zen\serializer</Filter>
    </ClInclude>
    <ClInclude Include="source\zen\serializer\zen_serializer_integer_ranged.hpp">
      <Filter>source\zen\serializer</Filter>
    </ClInclude>
    <ClInclude Include="source\zen\serializer\zen_serializer_log2.h">
      <Filter>source\zen\serializer</Filter>
    </ClInclude>
    <ClInclude Include="source\zen\serializer\zen_serializer_raw.h">
      <Filter>source\zen\serializer</Filter>
    </ClInclude>
    <ClInclude Include="source\zen\serializer\zen_serializer_raw.hpp">
      <Filter>source\zen\serializer</Filter>
    </ClInclude>
    <ClInclude Include="source\zen\serializer\zen_serializer_string.h">
      <Filter>source\zen\serializer</Filter>
    </ClInclude>
    <ClInclude Include="source\zen\serializer\zen_serializer_string.hpp">
      <Filter>source\zen\serializer</Filter>
    </ClInclude>
    <ClInclude Include="source\zen\serializer\zen_serializer_boolean.h">
      <Filter>source\zen\serializer</Filter>
    </ClInclude>
    <ClInclude Include="source\zen\serializer\zen_serializer_boolean.hpp">
      <Filter>source\zen\serializer</Filter>
    </ClInclude>
    <ClInclude Include="source\zen\data\zen_data_element.h">
      <Filter>source\zen\data</Filter>
    </ClInclude>
    <ClInclude Include="source\zen\data\zen_data_element.hpp">
      <Filter>source\zen\data</Filter>
    </ClInclude>
    <ClInclude Include="source\zen\data\zen_data_factory.h">
      <Filter>source\zen\data</Filter>
    </ClInclude>
    <ClInclude Include="source\zen\data\zen_data_factory.hpp">
      <Filter>source\zen\data</Filter>
    </ClInclude>
    <ClInclude Include="source\zen\data\zen_data_mutable.h">
      <Filter>source\zen\data</Filter>
    </ClInclude>
    <ClInclude Include="source\zen\serializer\zen_serializer_size.h">
      <Filter>source\zen\serializer</Filter>
    </ClInclude>
    <ClInclude Include="source\zen\serializer\zen_serializer_size.hpp">
      <Filter>source\zen\serializer</Filter>
    </ClInclude>
    <ClInclude Include="source\test\test_bitstream.h">
      <Filter>source\test</Filter>
    </ClInclude>
    <ClInclude Include="source\test\test_base.h">
      <Filter>source\test</Filter>
    </ClInclude>
    <ClInclude Include="source\test\test_vector.h">
      <Filter>source\test</Filter>
    </ClInclude>
    <ClInclude Include="source\test\test_vector_serialization.h">
      <Filter>source\test</Filter>
    </ClInclude>
    <ClInclude Include="source\test\test_vector_serialization.hpp">
      <Filter>source\test</Filter>
    </ClInclude>
    <ClInclude Include="source\test\test_vector.hpp">
      <Filter>source\test</Filter>
    </ClInclude>
  </ItemGroup>
</Project>